
Microsoft Visual Studio Solution File, Format Version 12.00
# Visual Studio Version 17
VisualStudioVersion = 17.7.34031.279
MinimumVisualStudioVersion = 10.0.40219.1
Project("{FAE04EC0-301F-11D3-BF4B-00C04F79EFBC}") = "CalcudoraAplicacion.Android", "CalcudoraAplicacion\CalcudoraAplicacion.Android\CalcudoraAplicacion.Android.csproj", "{6B356BC6-6F8B-48FA-8A9E-53E1E7642137}"
EndProject
Project("{FAE04EC0-301F-11D3-BF4B-00C04F79EFBC}") = "CalcudoraAplicacion.iOS", "CalcudoraAplicacion\CalcudoraAplicacion.iOS\CalcudoraAplicacion.iOS.csproj", "{4681E950-65BC-4207-9AD3-CEF13044AB64}"
EndProject
Project("{FAE04EC0-301F-11D3-BF4B-00C04F79EFBC}") = "CalcudoraAplicacion", "CalcudoraAplicacion\CalcudoraAplicacion\CalcudoraAplicacion.csproj", "{D69F1C5C-B4C0-4CDB-8E81-1DC62BB50E62}"
EndProject
Global
	GlobalSection(SolutionConfigurationPlatforms) = preSolution
		Debug|Any CPU = Debug|Any CPU
		Debug|iPhone = Debug|iPhone
		Debug|iPhoneSimulator = Debug|iPhoneSimulator
		Release|Any CPU = Release|Any CPU
		Release|iPhone = Release|iPhone
		Release|iPhoneSimulator = Release|iPhoneSimulator
	EndGlobalSection
	GlobalSection(ProjectConfigurationPlatforms) = postSolution
		{6B356BC6-6F8B-48FA-8A9E-53E1E7642137}.Debug|Any CPU.ActiveCfg = Debug|Any CPU
		{6B356BC6-6F8B-48FA-8A9E-53E1E7642137}.Debug|Any CPU.Build.0 = Debug|Any CPU
		{6B356BC6-6F8B-48FA-8A9E-53E1E7642137}.Debug|Any CPU.Deploy.0 = Debug|Any CPU
		{6B356BC6-6F8B-48FA-8A9E-53E1E7642137}.Debug|iPhone.ActiveCfg = Debug|Any CPU
		{6B356BC6-6F8B-48FA-8A9E-53E1E7642137}.Debug|iPhone.Build.0 = Debug|Any CPU
		{6B356BC6-6F8B-48FA-8A9E-53E1E7642137}.Debug|iPhone.Deploy.0 = Debug|Any CPU
		{6B356BC6-6F8B-48FA-8A9E-53E1E7642137}.Debug|iPhoneSimulator.ActiveCfg = Debug|Any CPU
		{6B356BC6-6F8B-48FA-8A9E-53E1E7642137}.Debug|iPhoneSimulator.Build.0 = Debug|Any CPU
		{6B356BC6-6F8B-48FA-8A9E-53E1E7642137}.Debug|iPhoneSimulator.Deploy.0 = Debug|Any CPU
		{6B356BC6-6F8B-48FA-8A9E-53E1E7642137}.Release|Any CPU.ActiveCfg = Release|Any CPU
		{6B356BC6-6F8B-48FA-8A9E-53E1E7642137}.Release|Any CPU.Build.0 = Release|Any CPU
		{6B356BC6-6F8B-48FA-8A9E-53E1E7642137}.Release|Any CPU.Deploy.0 = Release|Any CPU
		{6B356BC6-6F8B-48FA-8A9E-53E1E7642137}.Release|iPhone.ActiveCfg = Release|Any CPU
		{6B356BC6-6F8B-48FA-8A9E-53E1E7642137}.Release|iPhone.Build.0 = Release|Any CPU
		{6B356BC6-6F8B-48FA-8A9E-53E1E7642137}.Release|iPhone.Deploy.0 = Release|Any CPU
		{6B356BC6-6F8B-48FA-8A9E-53E1E7642137}.Release|iPhoneSimulator.ActiveCfg = Release|Any CPU
		{6B356BC6-6F8B-48FA-8A9E-53E1E7642137}.Release|iPhoneSimulator.Build.0 = Release|Any CPU
		{6B356BC6-6F8B-48FA-8A9E-53E1E7642137}.Release|iPhoneSimulator.Deploy.0 = Release|Any CPU
		{4681E950-65BC-4207-9AD3-CEF13044AB64}.Debug|Any CPU.ActiveCfg = Debug|iPhone
		{4681E950-65BC-4207-9AD3-CEF13044AB64}.Debug|Any CPU.Build.0 = Debug|iPhone
		{4681E950-65BC-4207-9AD3-CEF13044AB64}.Debug|Any CPU.Deploy.0 = Debug|iPhone
		{4681E950-65BC-4207-9AD3-CEF13044AB64}.Debug|iPhone.ActiveCfg = Debug|iPhone
		{4681E950-65BC-4207-9AD3-CEF13044AB64}.Debug|iPhone.Build.0 = Debug|iPhone
		{4681E950-65BC-4207-9AD3-CEF13044AB64}.Debug|iPhone.Deploy.0 = Debug|iPhone
		{4681E950-65BC-4207-9AD3-CEF13044AB64}.Debug|iPhoneSimulator.ActiveCfg = Debug|iPhoneSimulator
		{4681E950-65BC-4207-9AD3-CEF13044AB64}.Debug|iPhoneSimulator.Build.0 = Debug|iPhoneSimulator
		{4681E950-65BC-4207-9AD3-CEF13044AB64}.Debug|iPhoneSimulator.Deploy.0 = Debug|iPhoneSimulator
		{4681E950-65BC-4207-9AD3-CEF13044AB64}.Release|Any CPU.ActiveCfg = Release|iPhoneSimulator
		{4681E950-65BC-4207-9AD3-CEF13044AB64}.Release|Any CPU.Build.0 = Release|iPhoneSimulator
		{4681E950-65BC-4207-9AD3-CEF13044AB64}.Release|Any CPU.Deploy.0 = Release|iPhoneSimulator
		{4681E950-65BC-4207-9AD3-CEF13044AB64}.Release|iPhone.ActiveCfg = Release|iPhone
		{4681E950-65BC-4207-9AD3-CEF13044AB64}.Release|iPhone.Build.0 = Release|iPhone
		{4681E950-65BC-4207-9AD3-CEF13044AB64}.Release|iPhone.Deploy.0 = Release|iPhone
		{4681E950-65BC-4207-9AD3-CEF13044AB64}.Release|iPhoneSimulator.ActiveCfg = Release|iPhoneSimulator
		{4681E950-65BC-4207-9AD3-CEF13044AB64}.Release|iPhoneSimulator.Build.0 = Release|iPhoneSimulator
		{4681E950-65BC-4207-9AD3-CEF13044AB64}.Release|iPhoneSimulator.Deploy.0 = Release|iPhoneSimulator
		{D69F1C5C-B4C0-4CDB-8E81-1DC62BB50E62}.Debug|Any CPU.ActiveCfg = Debug|Any CPU
		{D69F1C5C-B4C0-4CDB-8E81-1DC62BB50E62}.Debug|Any CPU.Build.0 = Debug|Any CPU
		{D69F1C5C-B4C0-4CDB-8E81-1DC62BB50E62}.Debug|Any CPU.Deploy.0 = Debug|Any CPU
		{D69F1C5C-B4C0-4CDB-8E81-1DC62BB50E62}.Debug|iPhone.ActiveCfg = Debug|Any CPU
		{D69F1C5C-B4C0-4CDB-8E81-1DC62BB50E62}.Debug|iPhone.Build.0 = Debug|Any CPU
		{D69F1C5C-B4C0-4CDB-8E81-1DC62BB50E62}.Debug|iPhone.Deploy.0 = Debug|Any CPU
		{D69F1C5C-B4C0-4CDB-8E81-1DC62BB50E62}.Debug|iPhoneSimulator.ActiveCfg = Debug|Any CPU
		{D69F1C5C-B4C0-4CDB-8E81-1DC62BB50E62}.Debug|iPhoneSimulator.Build.0 = Debug|Any CPU
		{D69F1C5C-B4C0-4CDB-8E81-1DC62BB50E62}.Debug|iPhoneSimulator.Deploy.0 = Debug|Any CPU
		{D69F1C5C-B4C0-4CDB-8E81-1DC62BB50E62}.Release|Any CPU.ActiveCfg = Release|Any CPU
		{D69F1C5C-B4C0-4CDB-8E81-1DC62BB50E62}.Release|Any CPU.Build.0 = Release|Any CPU
		{D69F1C5C-B4C0-4CDB-8E81-1DC62BB50E62}.Release|Any CPU.Deploy.0 = Release|Any CPU
		{D69F1C5C-B4C0-4CDB-8E81-1DC62BB50E62}.Release|iPhone.ActiveCfg = Release|Any CPU
		{D69F1C5C-B4C0-4CDB-8E81-1DC62BB50E62}.Release|iPhone.Build.0 = Release|Any CPU
		{D69F1C5C-B4C0-4CDB-8E81-1DC62BB50E62}.Release|iPhone.Deploy.0 = Release|Any CPU
		{D69F1C5C-B4C0-4CDB-8E81-1DC62BB50E62}.Release|iPhoneSimulator.ActiveCfg = Release|Any CPU
		{D69F1C5C-B4C0-4CDB-8E81-1DC62BB50E62}.Release|iPhoneSimulator.Build.0 = Release|Any CPU
		{D69F1C5C-B4C0-4CDB-8E81-1DC62BB50E62}.Release|iPhoneSimulator.Deploy.0 = Release|Any CPU
	EndGlobalSection
	GlobalSection(SolutionProperties) = preSolution
		HideSolutionNode = FALSE
	EndGlobalSection
	GlobalSection(ExtensibilityGlobals) = postSolution
		SolutionGuid = {96AE3466-7409-48F2-964C-AF47984BBA48}
	EndGlobalSection
EndGlobal
